// !$*UTF8*$!
{
	archiveVersion = 1;
	classes = {
	};
	objectVersion = 46;
	objects = {

/* Begin PBXBuildFile section */
		A47FC6471E5724DA00B09E74 /* NBAsYouTypeFormatter.m in Sources */ = {isa = PBXBuildFile; fileRef = A47FC6101E5724DA00B09E74 /* NBAsYouTypeFormatter.m */; };
		A47FC6481E5724DA00B09E74 /* NBMetadataCore.m in Sources */ = {isa = PBXBuildFile; fileRef = A47FC6121E5724DA00B09E74 /* NBMetadataCore.m */; };
		A47FC6491E5724DA00B09E74 /* NBMetadataCoreMapper.m in Sources */ = {isa = PBXBuildFile; fileRef = A47FC6141E5724DA00B09E74 /* NBMetadataCoreMapper.m */; };
		A47FC64A1E5724DA00B09E74 /* NBMetadataCoreTest.m in Sources */ = {isa = PBXBuildFile; fileRef = A47FC6161E5724DA00B09E74 /* NBMetadataCoreTest.m */; };
		A47FC64B1E5724DA00B09E74 /* NBMetadataCoreTestMapper.m in Sources */ = {isa = PBXBuildFile; fileRef = A47FC6181E5724DA00B09E74 /* NBMetadataCoreTestMapper.m */; };
		A47FC64C1E5724DA00B09E74 /* NBMetadataHelper.m in Sources */ = {isa = PBXBuildFile; fileRef = A47FC61A1E5724DA00B09E74 /* NBMetadataHelper.m */; };
		A47FC64D1E5724DA00B09E74 /* NBNumberFormat.m in Sources */ = {isa = PBXBuildFile; fileRef = A47FC61C1E5724DA00B09E74 /* NBNumberFormat.m */; };
		A47FC64E1E5724DA00B09E74 /* NBPhoneMetaData.m in Sources */ = {isa = PBXBuildFile; fileRef = A47FC61E1E5724DA00B09E74 /* NBPhoneMetaData.m */; };
		A47FC64F1E5724DA00B09E74 /* NBPhoneMetaDataGenerator.m in Sources */ = {isa = PBXBuildFile; fileRef = A47FC6201E5724DA00B09E74 /* NBPhoneMetaDataGenerator.m */; };
		A47FC6501E5724DA00B09E74 /* NBPhoneNumber.m in Sources */ = {isa = PBXBuildFile; fileRef = A47FC6221E5724DA00B09E74 /* NBPhoneNumber.m */; };
		A47FC6511E5724DA00B09E74 /* NBPhoneNumberDesc.m in Sources */ = {isa = PBXBuildFile; fileRef = A47FC6251E5724DA00B09E74 /* NBPhoneNumberDesc.m */; };
		A47FC6521E5724DA00B09E74 /* NBPhoneNumberMetadata.plist in Resources */ = {isa = PBXBuildFile; fileRef = A47FC6261E5724DA00B09E74 /* NBPhoneNumberMetadata.plist */; };
		A47FC6531E5724DA00B09E74 /* NBPhoneNumberUtil.m in Sources */ = {isa = PBXBuildFile; fileRef = A47FC6281E5724DA00B09E74 /* NBPhoneNumberUtil.m */; };
		A47FC6541E5724DA00B09E74 /* NSArray+NBAdditions.m in Sources */ = {isa = PBXBuildFile; fileRef = A47FC62A1E5724DA00B09E74 /* NSArray+NBAdditions.m */; };
		A47FC6711E574AEF00B09E74 /* ChineseToPinyinResource.m in Sources */ = {isa = PBXBuildFile; fileRef = A47FC6651E574AEF00B09E74 /* ChineseToPinyinResource.m */; };
		A47FC6721E574AEF00B09E74 /* HanyuPinyinOutputFormat.m in Sources */ = {isa = PBXBuildFile; fileRef = A47FC6671E574AEF00B09E74 /* HanyuPinyinOutputFormat.m */; };
		A47FC6731E574AEF00B09E74 /* NSString+PinYin4Cocoa.m in Sources */ = {isa = PBXBuildFile; fileRef = A47FC6691E574AEF00B09E74 /* NSString+PinYin4Cocoa.m */; };
		A47FC6741E574AEF00B09E74 /* PinyinFormatter.m in Sources */ = {isa = PBXBuildFile; fileRef = A47FC66C1E574AEF00B09E74 /* PinyinFormatter.m */; };
		A47FC6751E574AEF00B09E74 /* PinyinHelper.m in Sources */ = {isa = PBXBuildFile; fileRef = A47FC66E1E574AEF00B09E74 /* PinyinHelper.m */; };
		A47FC6761E574AEF00B09E74 /* unicode_to_hanyu_pinyin.txt in Resources */ = {isa = PBXBuildFile; fileRef = A47FC6701E574AEF00B09E74 /* unicode_to_hanyu_pinyin.txt */; };
		A47FC68A1E57F95D00B09E74 /* ContactDetailsController.m in Sources */ = {isa = PBXBuildFile; fileRef = A47FC67D1E57F95D00B09E74 /* ContactDetailsController.m */; };
		A47FC68B1E57F95D00B09E74 /* ContactsViewController.m in Sources */ = {isa = PBXBuildFile; fileRef = A47FC6801E57F95D00B09E74 /* ContactsViewController.m */; };
		A47FC68C1E57F95D00B09E74 /* ContactCell.m in Sources */ = {isa = PBXBuildFile; fileRef = A47FC6831E57F95D00B09E74 /* ContactCell.m */; };
		A47FC68D1E57F95D00B09E74 /* CustomAvatar.m in Sources */ = {isa = PBXBuildFile; fileRef = A47FC6861E57F95D00B09E74 /* CustomAvatar.m */; };
		A47FC68E1E57F95D00B09E74 /* ContactModel.m in Sources */ = {isa = PBXBuildFile; fileRef = A47FC6891E57F95D00B09E74 /* ContactModel.m */; };
		A47FC6921E57F9EC00B09E74 /* ContactDetailsHeaderView.m in Sources */ = {isa = PBXBuildFile; fileRef = A47FC6911E57F9EC00B09E74 /* ContactDetailsHeaderView.m */; };
		A47FC6AE1E5992D200B09E74 /* Info.plist in Resources */ = {isa = PBXBuildFile; fileRef = A47FC6941E5992D200B09E74 /* Info.plist */; };
		A47FC6AF1E5992D200B09E74 /* MASCompositeConstraint.m in Sources */ = {isa = PBXBuildFile; fileRef = A47FC6961E5992D200B09E74 /* MASCompositeConstraint.m */; };
		A47FC6B01E5992D200B09E74 /* MASConstraint.m in Sources */ = {isa = PBXBuildFile; fileRef = A47FC6991E5992D200B09E74 /* MASConstraint.m */; };
		A47FC6B11E5992D200B09E74 /* MASConstraintMaker.m in Sources */ = {isa = PBXBuildFile; fileRef = A47FC69B1E5992D200B09E74 /* MASConstraintMaker.m */; };
		A47FC6B21E5992D200B09E74 /* MASLayoutConstraint.m in Sources */ = {isa = PBXBuildFile; fileRef = A47FC69D1E5992D200B09E74 /* MASLayoutConstraint.m */; };
		A47FC6B31E5992D200B09E74 /* MASViewAttribute.m in Sources */ = {isa = PBXBuildFile; fileRef = A47FC6A11E5992D200B09E74 /* MASViewAttribute.m */; };
		A47FC6B41E5992D200B09E74 /* MASViewConstraint.m in Sources */ = {isa = PBXBuildFile; fileRef = A47FC6A31E5992D200B09E74 /* MASViewConstraint.m */; };
		A47FC6B51E5992D200B09E74 /* NSArray+MASAdditions.m in Sources */ = {isa = PBXBuildFile; fileRef = A47FC6A51E5992D200B09E74 /* NSArray+MASAdditions.m */; };
		A47FC6B61E5992D200B09E74 /* NSLayoutConstraint+MASDebugAdditions.m in Sources */ = {isa = PBXBuildFile; fileRef = A47FC6A81E5992D200B09E74 /* NSLayoutConstraint+MASDebugAdditions.m */; };
		A47FC6B71E5992D200B09E74 /* View+MASAdditions.m in Sources */ = {isa = PBXBuildFile; fileRef = A47FC6AA1E5992D200B09E74 /* View+MASAdditions.m */; };
		A47FC6B81E5992D200B09E74 /* ViewController+MASAdditions.m in Sources */ = {isa = PBXBuildFile; fileRef = A47FC6AD1E5992D200B09E74 /* ViewController+MASAdditions.m */; };
		A4F8FA451D6EE5160094CD2B /* main.m in Sources */ = {isa = PBXBuildFile; fileRef = A4F8FA441D6EE5160094CD2B /* main.m */; };
		A4F8FA481D6EE5160094CD2B /* AppDelegate.m in Sources */ = {isa = PBXBuildFile; fileRef = A4F8FA471D6EE5160094CD2B /* AppDelegate.m */; };
		A4F8FA501D6EE5160094CD2B /* Assets.xcassets in Resources */ = {isa = PBXBuildFile; fileRef = A4F8FA4F1D6EE5160094CD2B /* Assets.xcassets */; };
		A4F8FA531D6EE5160094CD2B /* LaunchScreen.storyboard in Resources */ = {isa = PBXBuildFile; fileRef = A4F8FA511D6EE5160094CD2B /* LaunchScreen.storyboard */; };
		A4F8FA5C1D6EE5470094CD2B /* ZFContactsScan.m in Sources */ = {isa = PBXBuildFile; fileRef = A4F8FA5B1D6EE5460094CD2B /* ZFContactsScan.m */; };
/* End PBXBuildFile section */

/* Begin PBXFileReference section */
		A47FC60F1E5724DA00B09E74 /* NBAsYouTypeFormatter.h */ = {isa = PBXFileReference; fileEncoding = 4; lastKnownFileType = sourcecode.c.h; path = NBAsYouTypeFormatter.h; sourceTree = "<group>"; };
		A47FC6101E5724DA00B09E74 /* NBAsYouTypeFormatter.m */ = {isa = PBXFileReference; fileEncoding = 4; lastKnownFileType = sourcecode.c.objc; path = NBAsYouTypeFormatter.m; sourceTree = "<group>"; };
		A47FC6111E5724DA00B09E74 /* NBMetadataCore.h */ = {isa = PBXFileReference; fileEncoding = 4; lastKnownFileType = sourcecode.c.h; path = NBMetadataCore.h; sourceTree = "<group>"; };
		A47FC6121E5724DA00B09E74 /* NBMetadataCore.m */ = {isa = PBXFileReference; fileEncoding = 4; lastKnownFileType = sourcecode.c.objc; path = NBMetadataCore.m; sourceTree = "<group>"; };
		A47FC6131E5724DA00B09E74 /* NBMetadataCoreMapper.h */ = {isa = PBXFileReference; fileEncoding = 4; lastKnownFileType = sourcecode.c.h; path = NBMetadataCoreMapper.h; sourceTree = "<group>"; };
		A47FC6141E5724DA00B09E74 /* NBMetadataCoreMapper.m */ = {isa = PBXFileReference; fileEncoding = 4; lastKnownFileType = sourcecode.c.objc; path = NBMetadataCoreMapper.m; sourceTree = "<group>"; };
		A47FC6151E5724DA00B09E74 /* NBMetadataCoreTest.h */ = {isa = PBXFileReference; fileEncoding = 4; lastKnownFileType = sourcecode.c.h; path = NBMetadataCoreTest.h; sourceTree = "<group>"; };
		A47FC6161E5724DA00B09E74 /* NBMetadataCoreTest.m */ = {isa = PBXFileReference; fileEncoding = 4; lastKnownFileType = sourcecode.c.objc; path = NBMetadataCoreTest.m; sourceTree = "<group>"; };
		A47FC6171E5724DA00B09E74 /* NBMetadataCoreTestMapper.h */ = {isa = PBXFileReference; fileEncoding = 4; lastKnownFileType = sourcecode.c.h; path = NBMetadataCoreTestMapper.h; sourceTree = "<group>"; };
		A47FC6181E5724DA00B09E74 /* NBMetadataCoreTestMapper.m */ = {isa = PBXFileReference; fileEncoding = 4; lastKnownFileType = sourcecode.c.objc; path = NBMetadataCoreTestMapper.m; sourceTree = "<group>"; };
		A47FC6191E5724DA00B09E74 /* NBMetadataHelper.h */ = {isa = PBXFileReference; fileEncoding = 4; lastKnownFileType = sourcecode.c.h; path = NBMetadataHelper.h; sourceTree = "<group>"; };
		A47FC61A1E5724DA00B09E74 /* NBMetadataHelper.m */ = {isa = PBXFileReference; fileEncoding = 4; lastKnownFileType = sourcecode.c.objc; path = NBMetadataHelper.m; sourceTree = "<group>"; };
		A47FC61B1E5724DA00B09E74 /* NBNumberFormat.h */ = {isa = PBXFileReference; fileEncoding = 4; lastKnownFileType = sourcecode.c.h; path = NBNumberFormat.h; sourceTree = "<group>"; };
		A47FC61C1E5724DA00B09E74 /* NBNumberFormat.m */ = {isa = PBXFileReference; fileEncoding = 4; lastKnownFileType = sourcecode.c.objc; path = NBNumberFormat.m; sourceTree = "<group>"; };
		A47FC61D1E5724DA00B09E74 /* NBPhoneMetaData.h */ = {isa = PBXFileReference; fileEncoding = 4; lastKnownFileType = sourcecode.c.h; path = NBPhoneMetaData.h; sourceTree = "<group>"; };
		A47FC61E1E5724DA00B09E74 /* NBPhoneMetaData.m */ = {isa = PBXFileReference; fileEncoding = 4; lastKnownFileType = sourcecode.c.objc; path = NBPhoneMetaData.m; sourceTree = "<group>"; };
		A47FC61F1E5724DA00B09E74 /* NBPhoneMetaDataGenerator.h */ = {isa = PBXFileReference; fileEncoding = 4; lastKnownFileType = sourcecode.c.h; path = NBPhoneMetaDataGenerator.h; sourceTree = "<group>"; };
		A47FC6201E5724DA00B09E74 /* NBPhoneMetaDataGenerator.m */ = {isa = PBXFileReference; fileEncoding = 4; lastKnownFileType = sourcecode.c.objc; path = NBPhoneMetaDataGenerator.m; sourceTree = "<group>"; };
		A47FC6211E5724DA00B09E74 /* NBPhoneNumber.h */ = {isa = PBXFileReference; fileEncoding = 4; lastKnownFileType = sourcecode.c.h; path = NBPhoneNumber.h; sourceTree = "<group>"; };
		A47FC6221E5724DA00B09E74 /* NBPhoneNumber.m */ = {isa = PBXFileReference; fileEncoding = 4; lastKnownFileType = sourcecode.c.objc; path = NBPhoneNumber.m; sourceTree = "<group>"; };
		A47FC6231E5724DA00B09E74 /* NBPhoneNumberDefines.h */ = {isa = PBXFileReference; fileEncoding = 4; lastKnownFileType = sourcecode.c.h; path = NBPhoneNumberDefines.h; sourceTree = "<group>"; };
		A47FC6241E5724DA00B09E74 /* NBPhoneNumberDesc.h */ = {isa = PBXFileReference; fileEncoding = 4; lastKnownFileType = sourcecode.c.h; path = NBPhoneNumberDesc.h; sourceTree = "<group>"; };
		A47FC6251E5724DA00B09E74 /* NBPhoneNumberDesc.m */ = {isa = PBXFileReference; fileEncoding = 4; lastKnownFileType = sourcecode.c.objc; path = NBPhoneNumberDesc.m; sourceTree = "<group>"; };
		A47FC6261E5724DA00B09E74 /* NBPhoneNumberMetadata.plist */ = {isa = PBXFileReference; lastKnownFileType = file.bplist; path = NBPhoneNumberMetadata.plist; sourceTree = "<group>"; };
		A47FC6271E5724DA00B09E74 /* NBPhoneNumberUtil.h */ = {isa = PBXFileReference; fileEncoding = 4; lastKnownFileType = sourcecode.c.h; path = NBPhoneNumberUtil.h; sourceTree = "<group>"; };
		A47FC6281E5724DA00B09E74 /* NBPhoneNumberUtil.m */ = {isa = PBXFileReference; fileEncoding = 4; lastKnownFileType = sourcecode.c.objc; path = NBPhoneNumberUtil.m; sourceTree = "<group>"; };
		A47FC6291E5724DA00B09E74 /* NSArray+NBAdditions.h */ = {isa = PBXFileReference; fileEncoding = 4; lastKnownFileType = sourcecode.c.h; path = "NSArray+NBAdditions.h"; sourceTree = "<group>"; };
		A47FC62A1E5724DA00B09E74 /* NSArray+NBAdditions.m */ = {isa = PBXFileReference; fileEncoding = 4; lastKnownFileType = sourcecode.c.objc; path = "NSArray+NBAdditions.m"; sourceTree = "<group>"; };
		A47FC6641E574AEF00B09E74 /* ChineseToPinyinResource.h */ = {isa = PBXFileReference; fileEncoding = 4; lastKnownFileType = sourcecode.c.h; path = ChineseToPinyinResource.h; sourceTree = "<group>"; };
		A47FC6651E574AEF00B09E74 /* ChineseToPinyinResource.m */ = {isa = PBXFileReference; fileEncoding = 4; lastKnownFileType = sourcecode.c.objc; path = ChineseToPinyinResource.m; sourceTree = "<group>"; };
		A47FC6661E574AEF00B09E74 /* HanyuPinyinOutputFormat.h */ = {isa = PBXFileReference; fileEncoding = 4; lastKnownFileType = sourcecode.c.h; path = HanyuPinyinOutputFormat.h; sourceTree = "<group>"; };
		A47FC6671E574AEF00B09E74 /* HanyuPinyinOutputFormat.m */ = {isa = PBXFileReference; fileEncoding = 4; lastKnownFileType = sourcecode.c.objc; path = HanyuPinyinOutputFormat.m; sourceTree = "<group>"; };
		A47FC6681E574AEF00B09E74 /* NSString+PinYin4Cocoa.h */ = {isa = PBXFileReference; fileEncoding = 4; lastKnownFileType = sourcecode.c.h; path = "NSString+PinYin4Cocoa.h"; sourceTree = "<group>"; };
		A47FC6691E574AEF00B09E74 /* NSString+PinYin4Cocoa.m */ = {isa = PBXFileReference; fileEncoding = 4; lastKnownFileType = sourcecode.c.objc; path = "NSString+PinYin4Cocoa.m"; sourceTree = "<group>"; };
		A47FC66A1E574AEF00B09E74 /* PinYin4Objc.h */ = {isa = PBXFileReference; fileEncoding = 4; lastKnownFileType = sourcecode.c.h; path = PinYin4Objc.h; sourceTree = "<group>"; };
		A47FC66B1E574AEF00B09E74 /* PinyinFormatter.h */ = {isa = PBXFileReference; fileEncoding = 4; lastKnownFileType = sourcecode.c.h; path = PinyinFormatter.h; sourceTree = "<group>"; };
		A47FC66C1E574AEF00B09E74 /* PinyinFormatter.m */ = {isa = PBXFileReference; fileEncoding = 4; lastKnownFileType = sourcecode.c.objc; path = PinyinFormatter.m; sourceTree = "<group>"; };
		A47FC66D1E574AEF00B09E74 /* PinyinHelper.h */ = {isa = PBXFileReference; fileEncoding = 4; lastKnownFileType = sourcecode.c.h; path = PinyinHelper.h; sourceTree = "<group>"; };
		A47FC66E1E574AEF00B09E74 /* PinyinHelper.m */ = {isa = PBXFileReference; fileEncoding = 4; lastKnownFileType = sourcecode.c.objc; path = PinyinHelper.m; sourceTree = "<group>"; };
		A47FC6701E574AEF00B09E74 /* unicode_to_hanyu_pinyin.txt */ = {isa = PBXFileReference; fileEncoding = 4; lastKnownFileType = text; path = unicode_to_hanyu_pinyin.txt; sourceTree = "<group>"; };
		A47FC67C1E57F95D00B09E74 /* ContactDetailsController.h */ = {isa = PBXFileReference; fileEncoding = 4; lastKnownFileType = sourcecode.c.h; path = ContactDetailsController.h; sourceTree = "<group>"; };
		A47FC67D1E57F95D00B09E74 /* ContactDetailsController.m */ = {isa = PBXFileReference; fileEncoding = 4; lastKnownFileType = sourcecode.c.objc; path = ContactDetailsController.m; sourceTree = "<group>"; };
		A47FC67F1E57F95D00B09E74 /* ContactsViewController.h */ = {isa = PBXFileReference; fileEncoding = 4; lastKnownFileType = sourcecode.c.h; path = ContactsViewController.h; sourceTree = "<group>"; };
		A47FC6801E57F95D00B09E74 /* ContactsViewController.m */ = {isa = PBXFileReference; fileEncoding = 4; lastKnownFileType = sourcecode.c.objc; path = ContactsViewController.m; sourceTree = "<group>"; };
		A47FC6821E57F95D00B09E74 /* ContactCell.h */ = {isa = PBXFileReference; fileEncoding = 4; lastKnownFileType = sourcecode.c.h; path = ContactCell.h; sourceTree = "<group>"; };
		A47FC6831E57F95D00B09E74 /* ContactCell.m */ = {isa = PBXFileReference; fileEncoding = 4; lastKnownFileType = sourcecode.c.objc; path = ContactCell.m; sourceTree = "<group>"; };
		A47FC6851E57F95D00B09E74 /* CustomAvatar.h */ = {isa = PBXFileReference; fileEncoding = 4; lastKnownFileType = sourcecode.c.h; path = CustomAvatar.h; sourceTree = "<group>"; };
		A47FC6861E57F95D00B09E74 /* CustomAvatar.m */ = {isa = PBXFileReference; fileEncoding = 4; lastKnownFileType = sourcecode.c.objc; path = CustomAvatar.m; sourceTree = "<group>"; };
		A47FC6881E57F95D00B09E74 /* ContactModel.h */ = {isa = PBXFileReference; fileEncoding = 4; lastKnownFileType = sourcecode.c.h; path = ContactModel.h; sourceTree = "<group>"; };
		A47FC6891E57F95D00B09E74 /* ContactModel.m */ = {isa = PBXFileReference; fileEncoding = 4; lastKnownFileType = sourcecode.c.objc; path = ContactModel.m; sourceTree = "<group>"; };
		A47FC6901E57F9EC00B09E74 /* ContactDetailsHeaderView.h */ = {isa = PBXFileReference; fileEncoding = 4; lastKnownFileType = sourcecode.c.h; path = ContactDetailsHeaderView.h; sourceTree = "<group>"; };
		A47FC6911E57F9EC00B09E74 /* ContactDetailsHeaderView.m */ = {isa = PBXFileReference; fileEncoding = 4; lastKnownFileType = sourcecode.c.objc; path = ContactDetailsHeaderView.m; sourceTree = "<group>"; };
		A47FC6941E5992D200B09E74 /* Info.plist */ = {isa = PBXFileReference; fileEncoding = 4; lastKnownFileType = text.plist.xml; path = Info.plist; sourceTree = "<group>"; };
		A47FC6951E5992D200B09E74 /* MASCompositeConstraint.h */ = {isa = PBXFileReference; fileEncoding = 4; lastKnownFileType = sourcecode.c.h; path = MASCompositeConstraint.h; sourceTree = "<group>"; };
		A47FC6961E5992D200B09E74 /* MASCompositeConstraint.m */ = {isa = PBXFileReference; fileEncoding = 4; lastKnownFileType = sourcecode.c.objc; path = MASCompositeConstraint.m; sourceTree = "<group>"; };
		A47FC6971E5992D200B09E74 /* MASConstraint+Private.h */ = {isa = PBXFileReference; fileEncoding = 4; lastKnownFileType = sourcecode.c.h; path = "MASConstraint+Private.h"; sourceTree = "<group>"; };
		A47FC6981E5992D200B09E74 /* MASConstraint.h */ = {isa = PBXFileReference; fileEncoding = 4; lastKnownFileType = sourcecode.c.h; path = MASConstraint.h; sourceTree = "<group>"; };
		A47FC6991E5992D200B09E74 /* MASConstraint.m */ = {isa = PBXFileReference; fileEncoding = 4; lastKnownFileType = sourcecode.c.objc; path = MASConstraint.m; sourceTree = "<group>"; };
		A47FC69A1E5992D200B09E74 /* MASConstraintMaker.h */ = {isa = PBXFileReference; fileEncoding = 4; lastKnownFileType = sourcecode.c.h; path = MASConstraintMaker.h; sourceTree = "<group>"; };
		A47FC69B1E5992D200B09E74 /* MASConstraintMaker.m */ = {isa = PBXFileReference; fileEncoding = 4; lastKnownFileType = sourcecode.c.objc; path = MASConstraintMaker.m; sourceTree = "<group>"; };
		A47FC69C1E5992D200B09E74 /* MASLayoutConstraint.h */ = {isa = PBXFileReference; fileEncoding = 4; lastKnownFileType = sourcecode.c.h; path = MASLayoutConstraint.h; sourceTree = "<group>"; };
		A47FC69D1E5992D200B09E74 /* MASLayoutConstraint.m */ = {isa = PBXFileReference; fileEncoding = 4; lastKnownFileType = sourcecode.c.objc; path = MASLayoutConstraint.m; sourceTree = "<group>"; };
		A47FC69E1E5992D200B09E74 /* Masonry.h */ = {isa = PBXFileReference; fileEncoding = 4; lastKnownFileType = sourcecode.c.h; path = Masonry.h; sourceTree = "<group>"; };
		A47FC69F1E5992D200B09E74 /* MASUtilities.h */ = {isa = PBXFileReference; fileEncoding = 4; lastKnownFileType = sourcecode.c.h; path = MASUtilities.h; sourceTree = "<group>"; };
		A47FC6A01E5992D200B09E74 /* MASViewAttribute.h */ = {isa = PBXFileReference; fileEncoding = 4; lastKnownFileType = sourcecode.c.h; path = MASViewAttribute.h; sourceTree = "<group>"; };
		A47FC6A11E5992D200B09E74 /* MASViewAttribute.m */ = {isa = PBXFileReference; fileEncoding = 4; lastKnownFileType = sourcecode.c.objc; path = MASViewAttribute.m; sourceTree = "<group>"; };
		A47FC6A21E5992D200B09E74 /* MASViewConstraint.h */ = {isa = PBXFileReference; fileEncoding = 4; lastKnownFileType = sourcecode.c.h; path = MASViewConstraint.h; sourceTree = "<group>"; };
		A47FC6A31E5992D200B09E74 /* MASViewConstraint.m */ = {isa = PBXFileReference; fileEncoding = 4; lastKnownFileType = sourcecode.c.objc; path = MASViewConstraint.m; sourceTree = "<group>"; };
		A47FC6A41E5992D200B09E74 /* NSArray+MASAdditions.h */ = {isa = PBXFileReference; fileEncoding = 4; lastKnownFileType = sourcecode.c.h; path = "NSArray+MASAdditions.h"; sourceTree = "<group>"; };
		A47FC6A51E5992D200B09E74 /* NSArray+MASAdditions.m */ = {isa = PBXFileReference; fileEncoding = 4; lastKnownFileType = sourcecode.c.objc; path = "NSArray+MASAdditions.m"; sourceTree = "<group>"; };
		A47FC6A61E5992D200B09E74 /* NSArray+MASShorthandAdditions.h */ = {isa = PBXFileReference; fileEncoding = 4; lastKnownFileType = sourcecode.c.h; path = "NSArray+MASShorthandAdditions.h"; sourceTree = "<group>"; };
		A47FC6A71E5992D200B09E74 /* NSLayoutConstraint+MASDebugAdditions.h */ = {isa = PBXFileReference; fileEncoding = 4; lastKnownFileType = sourcecode.c.h; path = "NSLayoutConstraint+MASDebugAdditions.h"; sourceTree = "<group>"; };
		A47FC6A81E5992D200B09E74 /* NSLayoutConstraint+MASDebugAdditions.m */ = {isa = PBXFileReference; fileEncoding = 4; lastKnownFileType = sourcecode.c.objc; path = "NSLayoutConstraint+MASDebugAdditions.m"; sourceTree = "<group>"; };
		A47FC6A91E5992D200B09E74 /* View+MASAdditions.h */ = {isa = PBXFileReference; fileEncoding = 4; lastKnownFileType = sourcecode.c.h; path = "View+MASAdditions.h"; sourceTree = "<group>"; };
		A47FC6AA1E5992D200B09E74 /* View+MASAdditions.m */ = {isa = PBXFileReference; fileEncoding = 4; lastKnownFileType = sourcecode.c.objc; path = "View+MASAdditions.m"; sourceTree = "<group>"; };
		A47FC6AB1E5992D200B09E74 /* View+MASShorthandAdditions.h */ = {isa = PBXFileReference; fileEncoding = 4; lastKnownFileType = sourcecode.c.h; path = "View+MASShorthandAdditions.h"; sourceTree = "<group>"; };
		A47FC6AC1E5992D200B09E74 /* ViewController+MASAdditions.h */ = {isa = PBXFileReference; fileEncoding = 4; lastKnownFileType = sourcecode.c.h; path = "ViewController+MASAdditions.h"; sourceTree = "<group>"; };
		A47FC6AD1E5992D200B09E74 /* ViewController+MASAdditions.m */ = {isa = PBXFileReference; fileEncoding = 4; lastKnownFileType = sourcecode.c.objc; path = "ViewController+MASAdditions.m"; sourceTree = "<group>"; };
		A4F8FA401D6EE5160094CD2B /* ZFContacts.app */ = {isa = PBXFileReference; explicitFileType = wrapper.application; includeInIndex = 0; path = ZFContacts.app; sourceTree = BUILT_PRODUCTS_DIR; };
		A4F8FA441D6EE5160094CD2B /* main.m */ = {isa = PBXFileReference; lastKnownFileType = sourcecode.c.objc; path = main.m; sourceTree = "<group>"; };
		A4F8FA461D6EE5160094CD2B /* AppDelegate.h */ = {isa = PBXFileReference; lastKnownFileType = sourcecode.c.h; path = AppDelegate.h; sourceTree = "<group>"; };
		A4F8FA471D6EE5160094CD2B /* AppDelegate.m */ = {isa = PBXFileReference; lastKnownFileType = sourcecode.c.objc; path = AppDelegate.m; sourceTree = "<group>"; };
		A4F8FA4F1D6EE5160094CD2B /* Assets.xcassets */ = {isa = PBXFileReference; lastKnownFileType = folder.assetcatalog; path = Assets.xcassets; sourceTree = "<group>"; };
		A4F8FA521D6EE5160094CD2B /* Base */ = {isa = PBXFileReference; lastKnownFileType = file.storyboard; name = Base; path = Base.lproj/LaunchScreen.storyboard; sourceTree = "<group>"; };
		A4F8FA541D6EE5160094CD2B /* Info.plist */ = {isa = PBXFileReference; lastKnownFileType = text.plist.xml; path = Info.plist; sourceTree = "<group>"; };
		A4F8FA5A1D6EE5460094CD2B /* ZFContactsScan.h */ = {isa = PBXFileReference; fileEncoding = 4; lastKnownFileType = sourcecode.c.h; path = ZFContactsScan.h; sourceTree = "<group>"; };
		A4F8FA5B1D6EE5460094CD2B /* ZFContactsScan.m */ = {isa = PBXFileReference; fileEncoding = 4; lastKnownFileType = sourcecode.c.objc; path = ZFContactsScan.m; sourceTree = "<group>"; };
/* End PBXFileReference section */

/* Begin PBXFrameworksBuildPhase section */
		A4F8FA3D1D6EE5160094CD2B /* Frameworks */ = {
			isa = PBXFrameworksBuildPhase;
			buildActionMask = 2147483647;
			files = (
			);
			runOnlyForDeploymentPostprocessing = 0;
		};
/* End PBXFrameworksBuildPhase section */

/* Begin PBXGroup section */
		A47FC60D1E5724DA00B09E74 /* Lib */ = {
			isa = PBXGroup;
			children = (
				A47FC6931E5992D200B09E74 /* Masonry */,
				A47FC6621E574AEF00B09E74 /* PinYin4Objc */,
				A47FC60E1E5724DA00B09E74 /* libPhoneNumber */,
			);
			path = Lib;
			sourceTree = "<group>";
		};
		A47FC60E1E5724DA00B09E74 /* libPhoneNumber */ = {
			isa = PBXGroup;
			children = (
				A47FC60F1E5724DA00B09E74 /* NBAsYouTypeFormatter.h */,
				A47FC6101E5724DA00B09E74 /* NBAsYouTypeFormatter.m */,
				A47FC6111E5724DA00B09E74 /* NBMetadataCore.h */,
				A47FC6121E5724DA00B09E74 /* NBMetadataCore.m */,
				A47FC6131E5724DA00B09E74 /* NBMetadataCoreMapper.h */,
				A47FC6141E5724DA00B09E74 /* NBMetadataCoreMapper.m */,
				A47FC6151E5724DA00B09E74 /* NBMetadataCoreTest.h */,
				A47FC6161E5724DA00B09E74 /* NBMetadataCoreTest.m */,
				A47FC6171E5724DA00B09E74 /* NBMetadataCoreTestMapper.h */,
				A47FC6181E5724DA00B09E74 /* NBMetadataCoreTestMapper.m */,
				A47FC6191E5724DA00B09E74 /* NBMetadataHelper.h */,
				A47FC61A1E5724DA00B09E74 /* NBMetadataHelper.m */,
				A47FC61B1E5724DA00B09E74 /* NBNumberFormat.h */,
				A47FC61C1E5724DA00B09E74 /* NBNumberFormat.m */,
				A47FC61D1E5724DA00B09E74 /* NBPhoneMetaData.h */,
				A47FC61E1E5724DA00B09E74 /* NBPhoneMetaData.m */,
				A47FC61F1E5724DA00B09E74 /* NBPhoneMetaDataGenerator.h */,
				A47FC6201E5724DA00B09E74 /* NBPhoneMetaDataGenerator.m */,
				A47FC6211E5724DA00B09E74 /* NBPhoneNumber.h */,
				A47FC6221E5724DA00B09E74 /* NBPhoneNumber.m */,
				A47FC6231E5724DA00B09E74 /* NBPhoneNumberDefines.h */,
				A47FC6241E5724DA00B09E74 /* NBPhoneNumberDesc.h */,
				A47FC6251E5724DA00B09E74 /* NBPhoneNumberDesc.m */,
				A47FC6261E5724DA00B09E74 /* NBPhoneNumberMetadata.plist */,
				A47FC6271E5724DA00B09E74 /* NBPhoneNumberUtil.h */,
				A47FC6281E5724DA00B09E74 /* NBPhoneNumberUtil.m */,
				A47FC6291E5724DA00B09E74 /* NSArray+NBAdditions.h */,
				A47FC62A1E5724DA00B09E74 /* NSArray+NBAdditions.m */,
			);
			path = libPhoneNumber;
			sourceTree = "<group>";
		};
		A47FC6621E574AEF00B09E74 /* PinYin4Objc */ = {
			isa = PBXGroup;
			children = (
				A47FC6631E574AEF00B09E74 /* Classes */,
				A47FC66F1E574AEF00B09E74 /* Resources */,
			);
			path = PinYin4Objc;
			sourceTree = "<group>";
		};
		A47FC6631E574AEF00B09E74 /* Classes */ = {
			isa = PBXGroup;
			children = (
				A47FC6641E574AEF00B09E74 /* ChineseToPinyinResource.h */,
				A47FC6651E574AEF00B09E74 /* ChineseToPinyinResource.m */,
				A47FC6661E574AEF00B09E74 /* HanyuPinyinOutputFormat.h */,
				A47FC6671E574AEF00B09E74 /* HanyuPinyinOutputFormat.m */,
				A47FC6681E574AEF00B09E74 /* NSString+PinYin4Cocoa.h */,
				A47FC6691E574AEF00B09E74 /* NSString+PinYin4Cocoa.m */,
				A47FC66A1E574AEF00B09E74 /* PinYin4Objc.h */,
				A47FC66B1E574AEF00B09E74 /* PinyinFormatter.h */,
				A47FC66C1E574AEF00B09E74 /* PinyinFormatter.m */,
				A47FC66D1E574AEF00B09E74 /* PinyinHelper.h */,
				A47FC66E1E574AEF00B09E74 /* PinyinHelper.m */,
			);
			path = Classes;
			sourceTree = "<group>";
		};
		A47FC66F1E574AEF00B09E74 /* Resources */ = {
			isa = PBXGroup;
			children = (
				A47FC6701E574AEF00B09E74 /* unicode_to_hanyu_pinyin.txt */,
			);
			path = Resources;
			sourceTree = "<group>";
		};
		A47FC67A1E57F95D00B09E74 /* Contacts */ = {
			isa = PBXGroup;
			children = (
				A47FC67B1E57F95D00B09E74 /* ContactDetails */,
				A47FC67E1E57F95D00B09E74 /* ContactsList */,
				A47FC6841E57F95D00B09E74 /* CustomView */,
				A47FC6871E57F95D00B09E74 /* model */,
			);
			path = Contacts;
			sourceTree = "<group>";
		};
		A47FC67B1E57F95D00B09E74 /* ContactDetails */ = {
			isa = PBXGroup;
			children = (
				A47FC67C1E57F95D00B09E74 /* ContactDetailsController.h */,
				A47FC67D1E57F95D00B09E74 /* ContactDetailsController.m */,
				A47FC68F1E57F9CD00B09E74 /* View */,
			);
			path = ContactDetails;
			sourceTree = "<group>";
		};
		A47FC67E1E57F95D00B09E74 /* ContactsList */ = {
			isa = PBXGroup;
			children = (
				A47FC67F1E57F95D00B09E74 /* ContactsViewController.h */,
				A47FC6801E57F95D00B09E74 /* ContactsViewController.m */,
				A47FC6811E57F95D00B09E74 /* View */,
			);
			path = ContactsList;
			sourceTree = "<group>";
		};
		A47FC6811E57F95D00B09E74 /* View */ = {
			isa = PBXGroup;
			children = (
				A47FC6821E57F95D00B09E74 /* ContactCell.h */,
				A47FC6831E57F95D00B09E74 /* ContactCell.m */,
			);
			path = View;
			sourceTree = "<group>";
		};
		A47FC6841E57F95D00B09E74 /* CustomView */ = {
			isa = PBXGroup;
			children = (
				A47FC6851E57F95D00B09E74 /* CustomAvatar.h */,
				A47FC6861E57F95D00B09E74 /* CustomAvatar.m */,
			);
			path = CustomView;
			sourceTree = "<group>";
		};
		A47FC6871E57F95D00B09E74 /* model */ = {
			isa = PBXGroup;
			children = (
				A47FC6881E57F95D00B09E74 /* ContactModel.h */,
				A47FC6891E57F95D00B09E74 /* ContactModel.m */,
			);
			path = model;
			sourceTree = "<group>";
		};
		A47FC68F1E57F9CD00B09E74 /* View */ = {
			isa = PBXGroup;
			children = (
				A47FC6901E57F9EC00B09E74 /* ContactDetailsHeaderView.h */,
				A47FC6911E57F9EC00B09E74 /* ContactDetailsHeaderView.m */,
			);
			path = View;
			sourceTree = "<group>";
		};
		A47FC6931E5992D200B09E74 /* Masonry */ = {
			isa = PBXGroup;
			children = (
				A47FC6941E5992D200B09E74 /* Info.plist */,
				A47FC6951E5992D200B09E74 /* MASCompositeConstraint.h */,
				A47FC6961E5992D200B09E74 /* MASCompositeConstraint.m */,
				A47FC6971E5992D200B09E74 /* MASConstraint+Private.h */,
				A47FC6981E5992D200B09E74 /* MASConstraint.h */,
				A47FC6991E5992D200B09E74 /* MASConstraint.m */,
				A47FC69A1E5992D200B09E74 /* MASConstraintMaker.h */,
				A47FC69B1E5992D200B09E74 /* MASConstraintMaker.m */,
				A47FC69C1E5992D200B09E74 /* MASLayoutConstraint.h */,
				A47FC69D1E5992D200B09E74 /* MASLayoutConstraint.m */,
				A47FC69E1E5992D200B09E74 /* Masonry.h */,
				A47FC69F1E5992D200B09E74 /* MASUtilities.h */,
				A47FC6A01E5992D200B09E74 /* MASViewAttribute.h */,
				A47FC6A11E5992D200B09E74 /* MASViewAttribute.m */,
				A47FC6A21E5992D200B09E74 /* MASViewConstraint.h */,
				A47FC6A31E5992D200B09E74 /* MASViewConstraint.m */,
				A47FC6A41E5992D200B09E74 /* NSArray+MASAdditions.h */,
				A47FC6A51E5992D200B09E74 /* NSArray+MASAdditions.m */,
				A47FC6A61E5992D200B09E74 /* NSArray+MASShorthandAdditions.h */,
				A47FC6A71E5992D200B09E74 /* NSLayoutConstraint+MASDebugAdditions.h */,
				A47FC6A81E5992D200B09E74 /* NSLayoutConstraint+MASDebugAdditions.m */,
				A47FC6A91E5992D200B09E74 /* View+MASAdditions.h */,
				A47FC6AA1E5992D200B09E74 /* View+MASAdditions.m */,
				A47FC6AB1E5992D200B09E74 /* View+MASShorthandAdditions.h */,
				A47FC6AC1E5992D200B09E74 /* ViewController+MASAdditions.h */,
				A47FC6AD1E5992D200B09E74 /* ViewController+MASAdditions.m */,
			);
			path = Masonry;
			sourceTree = "<group>";
		};
		A4F8FA371D6EE5160094CD2B = {
			isa = PBXGroup;
			children = (
				A4F8FA421D6EE5160094CD2B /* ZFContacts */,
				A4F8FA411D6EE5160094CD2B /* Products */,
			);
			sourceTree = "<group>";
		};
		A4F8FA411D6EE5160094CD2B /* Products */ = {
			isa = PBXGroup;
			children = (
				A4F8FA401D6EE5160094CD2B /* ZFContacts.app */,
			);
			name = Products;
			sourceTree = "<group>";
		};
		A4F8FA421D6EE5160094CD2B /* ZFContacts */ = {
			isa = PBXGroup;
			children = (
				A4F8FA461D6EE5160094CD2B /* AppDelegate.h */,
				A4F8FA471D6EE5160094CD2B /* AppDelegate.m */,
				A47FC67A1E57F95D00B09E74 /* Contacts */,
				A4F8FA5A1D6EE5460094CD2B /* ZFContactsScan.h */,
				A4F8FA5B1D6EE5460094CD2B /* ZFContactsScan.m */,
				A4F8FA4F1D6EE5160094CD2B /* Assets.xcassets */,
				A4F8FA511D6EE5160094CD2B /* LaunchScreen.storyboard */,
				A4F8FA541D6EE5160094CD2B /* Info.plist */,
				A47FC60D1E5724DA00B09E74 /* Lib */,
				A4F8FA431D6EE5160094CD2B /* Supporting Files */,
			);
			path = ZFContacts;
			sourceTree = "<group>";
		};
		A4F8FA431D6EE5160094CD2B /* Supporting Files */ = {
			isa = PBXGroup;
			children = (
				A4F8FA441D6EE5160094CD2B /* main.m */,
			);
			name = "Supporting Files";
			sourceTree = "<group>";
		};
/* End PBXGroup section */

/* Begin PBXNativeTarget section */
		A4F8FA3F1D6EE5160094CD2B /* ZFContacts */ = {
			isa = PBXNativeTarget;
			buildConfigurationList = A4F8FA571D6EE5160094CD2B /* Build configuration list for PBXNativeTarget "ZFContacts" */;
			buildPhases = (
				A4F8FA3C1D6EE5160094CD2B /* Sources */,
				A4F8FA3D1D6EE5160094CD2B /* Frameworks */,
				A4F8FA3E1D6EE5160094CD2B /* Resources */,
			);
			buildRules = (
			);
			dependencies = (
			);
			name = ZFContacts;
			productName = ZFContacts;
			productReference = A4F8FA401D6EE5160094CD2B /* ZFContacts.app */;
			productType = "com.apple.product-type.application";
		};
/* End PBXNativeTarget section */

/* Begin PBXProject section */
		A4F8FA381D6EE5160094CD2B /* Project object */ = {
			isa = PBXProject;
			attributes = {
				LastUpgradeCheck = 0730;
				ORGANIZATIONNAME = ZhaoFei;
				TargetAttributes = {
					A4F8FA3F1D6EE5160094CD2B = {
						CreatedOnToolsVersion = 7.3.1;
						DevelopmentTeam = GLUYCH7U4H;
					};
				};
			};
			buildConfigurationList = A4F8FA3B1D6EE5160094CD2B /* Build configuration list for PBXProject "ZFContacts" */;
			compatibilityVersion = "Xcode 3.2";
			developmentRegion = English;
			hasScannedForEncodings = 0;
			knownRegions = (
				en,
				Base,
			);
			mainGroup = A4F8FA371D6EE5160094CD2B;
			productRefGroup = A4F8FA411D6EE5160094CD2B /* Products */;
			projectDirPath = "";
			projectRoot = "";
			targets = (
				A4F8FA3F1D6EE5160094CD2B /* ZFContacts */,
			);
		};
/* End PBXProject section */

/* Begin PBXResourcesBuildPhase section */
		A4F8FA3E1D6EE5160094CD2B /* Resources */ = {
			isa = PBXResourcesBuildPhase;
			buildActionMask = 2147483647;
			files = (
				A47FC6761E574AEF00B09E74 /* unicode_to_hanyu_pinyin.txt in Resources */,
				A4F8FA531D6EE5160094CD2B /* LaunchScreen.storyboard in Resources */,
				A4F8FA501D6EE5160094CD2B /* Assets.xcassets in Resources */,
				A47FC6AE1E5992D200B09E74 /* Info.plist in Resources */,
				A47FC6521E5724DA00B09E74 /* NBPhoneNumberMetadata.plist in Resources */,
			);
			runOnlyForDeploymentPostprocessing = 0;
		};
/* End PBXResourcesBuildPhase section */

/* Begin PBXSourcesBuildPhase section */
		A4F8FA3C1D6EE5160094CD2B /* Sources */ = {
			isa = PBXSourcesBuildPhase;
			buildActionMask = 2147483647;
			files = (
				A47FC64C1E5724DA00B09E74 /* NBMetadataHelper.m in Sources */,
				A47FC6721E574AEF00B09E74 /* HanyuPinyinOutputFormat.m in Sources */,
				A47FC6541E5724DA00B09E74 /* NSArray+NBAdditions.m in Sources */,
				A47FC6481E5724DA00B09E74 /* NBMetadataCore.m in Sources */,
				A47FC6731E574AEF00B09E74 /* NSString+PinYin4Cocoa.m in Sources */,
				A47FC64A1E5724DA00B09E74 /* NBMetadataCoreTest.m in Sources */,
				A47FC6711E574AEF00B09E74 /* ChineseToPinyinResource.m in Sources */,
				A47FC6501E5724DA00B09E74 /* NBPhoneNumber.m in Sources */,
				A47FC6B71E5992D200B09E74 /* View+MASAdditions.m in Sources */,
				A47FC68E1E57F95D00B09E74 /* ContactModel.m in Sources */,
				A47FC64B1E5724DA00B09E74 /* NBMetadataCoreTestMapper.m in Sources */,
				A47FC6471E5724DA00B09E74 /* NBAsYouTypeFormatter.m in Sources */,
				A47FC6B11E5992D200B09E74 /* MASConstraintMaker.m in Sources */,
				A47FC6B51E5992D200B09E74 /* NSArray+MASAdditions.m in Sources */,
				A47FC6B41E5992D200B09E74 /* MASViewConstraint.m in Sources */,
				A47FC68D1E57F95D00B09E74 /* CustomAvatar.m in Sources */,
				A4F8FA481D6EE5160094CD2B /* AppDelegate.m in Sources */,
				A4F8FA451D6EE5160094CD2B /* main.m in Sources */,
				A4F8FA5C1D6EE5470094CD2B /* ZFContactsScan.m in Sources */,
				A47FC6531E5724DA00B09E74 /* NBPhoneNumberUtil.m in Sources */,
				A47FC6B81E5992D200B09E74 /* ViewController+MASAdditions.m in Sources */,
				A47FC68B1E57F95D00B09E74 /* ContactsViewController.m in Sources */,
				A47FC6741E574AEF00B09E74 /* PinyinFormatter.m in Sources */,
				A47FC6921E57F9EC00B09E74 /* ContactDetailsHeaderView.m in Sources */,
				A47FC64D1E5724DA00B09E74 /* NBNumberFormat.m in Sources */,
				A47FC6B61E5992D200B09E74 /* NSLayoutConstraint+MASDebugAdditions.m in Sources */,
				A47FC6B21E5992D200B09E74 /* MASLayoutConstraint.m in Sources */,
				A47FC6511E5724DA00B09E74 /* NBPhoneNumberDesc.m in Sources */,
				A47FC6751E574AEF00B09E74 /* PinyinHelper.m in Sources */,
				A47FC6B01E5992D200B09E74 /* MASConstraint.m in Sources */,
				A47FC64E1E5724DA00B09E74 /* NBPhoneMetaData.m in Sources */,
				A47FC6491E5724DA00B09E74 /* NBMetadataCoreMapper.m in Sources */,
				A47FC6AF1E5992D200B09E74 /* MASCompositeConstraint.m in Sources */,
				A47FC64F1E5724DA00B09E74 /* NBPhoneMetaDataGenerator.m in Sources */,
				A47FC6B31E5992D200B09E74 /* MASViewAttribute.m in Sources */,
				A47FC68C1E57F95D00B09E74 /* ContactCell.m in Sources */,
				A47FC68A1E57F95D00B09E74 /* ContactDetailsController.m in Sources */,
			);
			runOnlyForDeploymentPostprocessing = 0;
		};
/* End PBXSourcesBuildPhase section */

/* Begin PBXVariantGroup section */
		A4F8FA511D6EE5160094CD2B /* LaunchScreen.storyboard */ = {
			isa = PBXVariantGroup;
			children = (
				A4F8FA521D6EE5160094CD2B /* Base */,
			);
			name = LaunchScreen.storyboard;
			sourceTree = "<group>";
		};
/* End PBXVariantGroup section */

/* Begin XCBuildConfiguration section */
		A4F8FA551D6EE5160094CD2B /* Debug */ = {
			isa = XCBuildConfiguration;
			buildSettings = {
				ALWAYS_SEARCH_USER_PATHS = NO;
				CLANG_ANALYZER_NONNULL = YES;
				CLANG_CXX_LANGUAGE_STANDARD = "gnu++0x";
				CLANG_CXX_LIBRARY = "libc++";
				CLANG_ENABLE_MODULES = YES;
				CLANG_ENABLE_OBJC_ARC = YES;
				CLANG_WARN_BOOL_CONVERSION = YES;
				CLANG_WARN_CONSTANT_CONVERSION = YES;
				CLANG_WARN_DIRECT_OBJC_ISA_USAGE = YES_ERROR;
				CLANG_WARN_EMPTY_BODY = YES;
				CLANG_WARN_ENUM_CONVERSION = YES;
				CLANG_WARN_INT_CONVERSION = YES;
				CLANG_WARN_OBJC_ROOT_CLASS = YES_ERROR;
				CLANG_WARN_UNREACHABLE_CODE = YES;
				CLANG_WARN__DUPLICATE_METHOD_MATCH = YES;
				"CODE_SIGN_IDENTITY[sdk=iphoneos*]" = "iPhone Developer";
				COPY_PHASE_STRIP = NO;
				DEBUG_INFORMATION_FORMAT = dwarf;
				ENABLE_STRICT_OBJC_MSGSEND = YES;
				ENABLE_TESTABILITY = YES;
				GCC_C_LANGUAGE_STANDARD = gnu99;
				GCC_DYNAMIC_NO_PIC = NO;
				GCC_NO_COMMON_BLOCKS = YES;
				GCC_OPTIMIZATION_LEVEL = 0;
				GCC_PREPROCESSOR_DEFINITIONS = (
					"DEBUG=1",
					"$(inherited)",
				);
				GCC_WARN_64_TO_32_BIT_CONVERSION = YES;
				GCC_WARN_ABOUT_RETURN_TYPE = YES_ERROR;
				GCC_WARN_UNDECLARED_SELECTOR = YES;
				GCC_WARN_UNINITIALIZED_AUTOS = YES_AGGRESSIVE;
				GCC_WARN_UNUSED_FUNCTION = YES;
				GCC_WARN_UNUSED_VARIABLE = YES;
				IPHONEOS_DEPLOYMENT_TARGET = 9.3;
				MTL_ENABLE_DEBUG_INFO = YES;
				ONLY_ACTIVE_ARCH = YES;
				SDKROOT = iphoneos;
			};
			name = Debug;
		};
		A4F8FA561D6EE5160094CD2B /* Release */ = {
			isa = XCBuildConfiguration;
			buildSettings = {
				ALWAYS_SEARCH_USER_PATHS = NO;
				CLANG_ANALYZER_NONNULL = YES;
				CLANG_CXX_LANGUAGE_STANDARD = "gnu++0x";
				CLANG_CXX_LIBRARY = "libc++";
				CLANG_ENABLE_MODULES = YES;
				CLANG_ENABLE_OBJC_ARC = YES;
				CLANG_WARN_BOOL_CONVERSION = YES;
				CLANG_WARN_CONSTANT_CONVERSION = YES;
				CLANG_WARN_DIRECT_OBJC_ISA_USAGE = YES_ERROR;
				CLANG_WARN_EMPTY_BODY = YES;
				CLANG_WARN_ENUM_CONVERSION = YES;
				CLANG_WARN_INT_CONVERSION = YES;
				CLANG_WARN_OBJC_ROOT_CLASS = YES_ERROR;
				CLANG_WARN_UNREACHABLE_CODE = YES;
				CLANG_WARN__DUPLICATE_METHOD_MATCH = YES;
				"CODE_SIGN_IDENTITY[sdk=iphoneos*]" = "iPhone Developer";
				COPY_PHASE_STRIP = NO;
				DEBUG_INFORMATION_FORMAT = "dwarf-with-dsym";
				ENABLE_NS_ASSERTIONS = NO;
				ENABLE_STRICT_OBJC_MSGSEND = YES;
				GCC_C_LANGUAGE_STANDARD = gnu99;
				GCC_NO_COMMON_BLOCKS = YES;
				GCC_WARN_64_TO_32_BIT_CONVERSION = YES;
				GCC_WARN_ABOUT_RETURN_TYPE = YES_ERROR;
				GCC_WARN_UNDECLARED_SELECTOR = YES;
				GCC_WARN_UNINITIALIZED_AUTOS = YES_AGGRESSIVE;
				GCC_WARN_UNUSED_FUNCTION = YES;
				GCC_WARN_UNUSED_VARIABLE = YES;
				IPHONEOS_DEPLOYMENT_TARGET = 9.3;
				MTL_ENABLE_DEBUG_INFO = NO;
				SDKROOT = iphoneos;
				VALIDATE_PRODUCT = YES;
			};
			name = Release;
		};
		A4F8FA581D6EE5160094CD2B /* Debug */ = {
			isa = XCBuildConfiguration;
			buildSettings = {
				ASSETCATALOG_COMPILER_APPICON_NAME = AppIcon;
				DEVELOPMENT_TEAM = GLUYCH7U4H;
				INFOPLIST_FILE = ZFContacts/Info.plist;
				IPHONEOS_DEPLOYMENT_TARGET = 7.0;
				LD_RUNPATH_SEARCH_PATHS = "$(inherited) @executable_path/Frameworks";
				LIBRARY_SEARCH_PATHS = (
					"$(inherited)",
					"$(PROJECT_DIR)/ZFContacts/Lib/Masonry/Flurry",
				);
				PRODUCT_BUNDLE_IDENTIFIER = com.todo.staging.ZFContacts;
				PRODUCT_NAME = "$(TARGET_NAME)";
			};
			name = Debug;
		};
		A4F8FA591D6EE5160094CD2B /* Release */ = {
			isa = XCBuildConfiguration;
			buildSettings = {
				ASSETCATALOG_COMPILER_APPICON_NAME = AppIcon;
				DEVELOPMENT_TEAM = GLUYCH7U4H;
				INFOPLIST_FILE = ZFContacts/Info.plist;
				IPHONEOS_DEPLOYMENT_TARGET = 7.0;
				LD_RUNPATH_SEARCH_PATHS = "$(inherited) @executable_path/Frameworks";
				LIBRARY_SEARCH_PATHS = (
					"$(inherited)",
					"$(PROJECT_DIR)/ZFContacts/Lib/Masonry/Flurry",
				);
				PRODUCT_BUNDLE_IDENTIFIER = com.todo.staging.ZFContacts;
				PRODUCT_NAME = "$(TARGET_NAME)";
			};
			name = Release;
		};
/* End XCBuildConfiguration section */

/* Begin XCConfigurationList section */
		A4F8FA3B1D6EE5160094CD2B /* Build configuration list for PBXProject "ZFContacts" */ = {
			isa = XCConfigurationList;
			buildConfigurations = (
				A4F8FA551D6EE5160094CD2B /* Debug */,
				A4F8FA561D6EE5160094CD2B /* Release */,
			);
			defaultConfigurationIsVisible = 0;
			defaultConfigurationName = Release;
		};
		A4F8FA571D6EE5160094CD2B /* Build configuration list for PBXNativeTarget "ZFContacts" */ = {
			isa = XCConfigurationList;
			buildConfigurations = (
				A4F8FA581D6EE5160094CD2B /* Debug */,
				A4F8FA591D6EE5160094CD2B /* Release */,
			);
			defaultConfigurationIsVisible = 0;
			defaultConfigurationName = Release;
		};
/* End XCConfigurationList section */
	};
	rootObject = A4F8FA381D6EE5160094CD2B /* Project object */;
}
